
Microsoft Visual Studio Solution File, Format Version 12.00
# Visual Studio Version 17
VisualStudioVersion = 17.0.31903.59
MinimumVisualStudioVersion = 10.0.40219.1
Project("{FAE04EC0-301F-11D3-BF4B-00C04F79EFBC}") = "Practice1", "Practice1\Practice1.csproj", "{456B68C0-3559-452C-82A4-8EBF92DBECBF}"
EndProject
Global
	GlobalSection(SolutionConfigurationPlatforms) = preSolution
		Debug|Any CPU = Debug|Any CPU
		Release|Any CPU = Release|Any CPU
	EndGlobalSection
	GlobalSection(ProjectConfigurationPlatforms) = postSolution
		{456B68C0-3559-452C-82A4-8EBF92DBECBF}.Debug|Any CPU.ActiveCfg = Debug|Any CPU
		{456B68C0-3559-452C-82A4-8EBF92DBECBF}.Debug|Any CPU.Build.0 = Debug|Any CPU
		{456B68C0-3559-452C-82A4-8EBF92DBECBF}.Release|Any CPU.ActiveCfg = Release|Any CPU
		{456B68C0-3559-452C-82A4-8EBF92DBECBF}.Release|Any CPU.Build.0 = Release|Any CPU
	EndGlobalSection
	GlobalSection(SolutionProperties) = preSolution
		HideSolutionNode = FALSE
	EndGlobalSection
EndGlobal
